Microsoft Visual Studio Solution File, Format Version 8.00
Project("{FAE04EC0-301F-11D3-BF4B-00C04F79EFBC}") = "VCSSampleClient", "VCSSampleClient.csproj", "{9DBACCC6-055E-4A62-AE6E-F83F19673231}"
	ProjectSection(ProjectDependencies) = postProject
	EndProjectSection
EndProject
Global
	GlobalSection(SolutionConfiguration) = preSolution
		Debug = Debug
		Release = Release
	EndGlobalSection
	GlobalSection(ProjectConfiguration) = postSolution
		{9DBACCC6-055E-4A62-AE6E-F83F19673231}.Debug.ActiveCfg = Debug|.NET
		{9DBACCC6-055E-4A62-AE6E-F83F19673231}.Debug.Build.0 = Debug|.NET
		{9DBACCC6-055E-4A62-AE6E-F83F19673231}.Release.ActiveCfg = Release|.NET
		{9DBACCC6-055E-4A62-AE6E-F83F19673231}.Release.Build.0 = Release|.NET
	EndGlobalSection
	GlobalSection(ExtensibilityGlobals) = postSolution
	EndGlobalSection
	GlobalSection(ExtensibilityAddIns) = postSolution
	EndGlobalSection
EndGlobal
