
Microsoft Visual Studio Solution File, Format Version 12.00
# Visual Studio 2012
Project("{8BC9CEB8-8B4A-11D0-8D11-00A0C91BC942}") = "week", "week\week.vcxproj", "{E22EC7E8-6AB0-45E7-8B51-423205E0227A}"
EndProject
Global
	GlobalSection(SolutionConfigurationPlatforms) = preSolution
		Debug|Win32 = Debug|Win32
		Release|Win32 = Release|Win32
	EndGlobalSection
	GlobalSection(ProjectConfigurationPlatforms) = postSolution
		{E22EC7E8-6AB0-45E7-8B51-423205E0227A}.Debug|Win32.ActiveCfg = Debug|Win32
		{E22EC7E8-6AB0-45E7-8B51-423205E0227A}.Debug|Win32.Build.0 = Debug|Win32
		{E22EC7E8-6AB0-45E7-8B51-423205E0227A}.Release|Win32.ActiveCfg = Release|Win32
		{E22EC7E8-6AB0-45E7-8B51-423205E0227A}.Release|Win32.Build.0 = Release|Win32
	EndGlobalSection
	GlobalSection(SolutionProperties) = preSolution
		HideSolutionNode = FALSE
	EndGlobalSection
EndGlobal
